
Microsoft Visual Studio Solution File, Format Version 12.00
# Visual Studio Version 17
VisualStudioVersion = 17.10.35013.160
MinimumVisualStudioVersion = 10.0.40219.1
Project("{FAE04EC0-301F-11D3-BF4B-00C04F79EFBC}") = "MauiAppTest", "MauiAppTest\MauiAppTest.csproj", "{903ED3B2-A8A6-41AD-B27B-D736EA8D9F7E}"
EndProject
Global
	GlobalSection(SolutionConfigurationPlatforms) = preSolution
		Debug|Any CPU = Debug|Any CPU
		Release|Any CPU = Release|Any CPU
	EndGlobalSection
	GlobalSection(ProjectConfigurationPlatforms) = postSolution
		{903ED3B2-A8A6-41AD-B27B-D736EA8D9F7E}.Debug|Any CPU.ActiveCfg = Debug|Any CPU
		{903ED3B2-A8A6-41AD-B27B-D736EA8D9F7E}.Debug|Any CPU.Build.0 = Debug|Any CPU
		{903ED3B2-A8A6-41AD-B27B-D736EA8D9F7E}.Debug|Any CPU.Deploy.0 = Debug|Any CPU
		{903ED3B2-A8A6-41AD-B27B-D736EA8D9F7E}.Release|Any CPU.ActiveCfg = Release|Any CPU
		{903ED3B2-A8A6-41AD-B27B-D736EA8D9F7E}.Release|Any CPU.Build.0 = Release|Any CPU
		{903ED3B2-A8A6-41AD-B27B-D736EA8D9F7E}.Release|Any CPU.Deploy.0 = Release|Any CPU
	EndGlobalSection
	GlobalSection(SolutionProperties) = preSolution
		HideSolutionNode = FALSE
	EndGlobalSection
	GlobalSection(ExtensibilityGlobals) = postSolution
		SolutionGuid = {7AC8CB14-5000-4315-ACE2-9622265664DA}
	EndGlobalSection
EndGlobal
